
Microsoft Visual Studio Solution File, Format Version 12.00
# Visual Studio Version 17
VisualStudioVersion = 17.13.35931.197
MinimumVisualStudioVersion = 10.0.40219.1
Project("{FAE04EC0-301F-11D3-BF4B-00C04F79EFBC}") = "FirstDegree", "FirstDegree\FirstDegree.csproj", "{3593F48A-DED7-4560-8546-5571B39C693E}"
EndProject
Project("{FAE04EC0-301F-11D3-BF4B-00C04F79EFBC}") = "SimpleCalculation", "SimpleCalculation\SimpleCalculation.csproj", "{A00E23C9-D512-4E6E-9AE0-7FE7794D84F8}"
EndProject
Project("{FAE04EC0-301F-11D3-BF4B-00C04F79EFBC}") = "FullStructureProject", "FullStructureProject\FullStructureProject.csproj", "{2E6C4633-9245-4488-B7DF-92E31FC8C577}"
EndProject
Project("{FAE04EC0-301F-11D3-BF4B-00C04F79EFBC}") = "VarAndDynamic", "VarAndDynamic\VarAndDynamic.csproj", "{2D36EEEA-B62E-496D-9F22-3595B28A72AD}"
EndProject
Project("{FAE04EC0-301F-11D3-BF4B-00C04F79EFBC}") = "QuadraticEquation", "QuadraticEquation\QuadraticEquation.csproj", "{951560B9-C935-4671-87F1-DC56BD149003}"
EndProject
Project("{FAE04EC0-301F-11D3-BF4B-00C04F79EFBC}") = "StringInteraction", "StringInteraction\StringInteraction.csproj", "{0C5FC405-C899-4E4A-83B5-151DB56A65D6}"
EndProject
Project("{FAE04EC0-301F-11D3-BF4B-00C04F79EFBC}") = "CallbyReference", "CallbyReference\CallbyReference.csproj", "{3AC2CAEE-8EA2-4C1C-8710-A79E487AAC4B}"
EndProject
Project("{FAE04EC0-301F-11D3-BF4B-00C04F79EFBC}") = "TryParseVaLoop", "TryParseVaLoop\TryParseVaLoop.csproj", "{9DFDCADA-6648-4AC8-B2AF-E5ACE350BEB1}"
EndProject
Project("{FAE04EC0-301F-11D3-BF4B-00C04F79EFBC}") = "parmasforarray", "parmasforarray\parmasforarray.csproj", "{06F18F00-8DB5-4702-B879-93EE4EE55902}"
EndProject
Project("{FAE04EC0-301F-11D3-BF4B-00C04F79EFBC}") = "StaticAndNonStaticMethod", "StaticAndNonStaticMethod\StaticAndNonStaticMethod.csproj", "{4113A9A7-7999-41ED-B266-C6484FCEADDB}"
EndProject
Project("{FAE04EC0-301F-11D3-BF4B-00C04F79EFBC}") = "TuplesSample", "TuplesSample\TuplesSample.csproj", "{52EBA7A0-761F-4376-9780-F2D4C7A4AD66}"
EndProject
Project("{FAE04EC0-301F-11D3-BF4B-00C04F79EFBC}") = "SortArray", "SortArray\SortArray.csproj", "{3CE06E6F-36A4-40C6-8218-FFB92FDCD56B}"
EndProject
Project("{FAE04EC0-301F-11D3-BF4B-00C04F79EFBC}") = "NestedLoop", "NestedLoop\NestedLoop.csproj", "{2C9099E5-406F-41C8-85C1-762CC222534A}"
EndProject
Project("{FAE04EC0-301F-11D3-BF4B-00C04F79EFBC}") = "OOP1", "OOP1\OOP1.csproj", "{0E8399C6-8366-4DD8-B393-6BE0065A72A2}"
EndProject
Project("{2150E333-8FDC-42A3-9474-1A3956D46DE8}") = "Chapter 5", "Chapter 5", "{02EA681E-C7D8-13C7-8484-4AC65E1B71E8}"
EndProject
Project("{FAE04EC0-301F-11D3-BF4B-00C04F79EFBC}") = "BuilderPattern", "..\Chapter5\BuilderPattern\BuilderPattern.csproj", "{CFD8EC58-0087-6D34-8564-24B2C329F211}"
EndProject
Project("{FAE04EC0-301F-11D3-BF4B-00C04F79EFBC}") = "FactoriesPattern", "..\Chapter5\FactoriesPattern\FactoriesPattern.csproj", "{C826CCB0-714D-2D56-1EA4-2A859F7116BF}"
EndProject
Project("{FAE04EC0-301F-11D3-BF4B-00C04F79EFBC}") = "ObserverPattern", "..\Chapter5\ObserverPattern\ObserverPattern.csproj", "{BBF13329-2228-D7AD-C217-7642251C27A2}"
EndProject
Project("{FAE04EC0-301F-11D3-BF4B-00C04F79EFBC}") = "PrototypePattern", "..\Chapter5\PrototypePattern\PrototypePattern.csproj", "{FC857DC0-55BD-5299-DCBE-EB5E729BBEB8}"
EndProject
Project("{FAE04EC0-301F-11D3-BF4B-00C04F79EFBC}") = "SingletonPattern", "..\Chapter5\SingletonPattern\SingletonPattern.csproj", "{A601A213-A474-1EF8-DB5F-926DEDBCC81D}"
EndProject
Project("{FAE04EC0-301F-11D3-BF4B-00C04F79EFBC}") = "DemoAliasAndClone", "DemoAliasAndClone\DemoAliasAndClone.csproj", "{EE563581-76D9-4FC2-9CD2-B7CE206626FB}"
EndProject
Project("{2150E333-8FDC-42A3-9474-1A3956D46DE8}") = "Chapter 6", "Chapter 6", "{2717171B-D824-41AE-9407-82F7985ECE9E}"
EndProject
Project("{FAE04EC0-301F-11D3-BF4B-00C04F79EFBC}") = "DemoDelegate", "DemoDelegate\DemoDelegate.csproj", "{435B9E4F-05E6-4B5B-893A-5A7A691E8810}"
EndProject
Project("{FAE04EC0-301F-11D3-BF4B-00C04F79EFBC}") = "DemoLINQ2Object1", "DemoLINQ2Object1\DemoLINQ2Object1.csproj", "{187A0594-8613-458A-9A84-07E2F6E755B3}"
EndProject
Project("{FAE04EC0-301F-11D3-BF4B-00C04F79EFBC}") = "DemoLINQ2Object2", "DemoLINQ2Object2\DemoLINQ2Object2.csproj", "{1B415622-58D2-4CF6-9013-A24CC0009A73}"
EndProject
Project("{FAE04EC0-301F-11D3-BF4B-00C04F79EFBC}") = "DemoLINQ2SQL1", "DemoLINQ2SQL1\DemoLINQ2SQL1.csproj", "{A7E42EBD-E3E0-4BFF-B464-7CD28CD6CA7E}"
EndProject
Global
	GlobalSection(SolutionConfigurationPlatforms) = preSolution
		Debug|Any CPU = Debug|Any CPU
		Release|Any CPU = Release|Any CPU
	EndGlobalSection
	GlobalSection(ProjectConfigurationPlatforms) = postSolution
		{3593F48A-DED7-4560-8546-5571B39C693E}.Debug|Any CPU.ActiveCfg = Debug|Any CPU
		{3593F48A-DED7-4560-8546-5571B39C693E}.Debug|Any CPU.Build.0 = Debug|Any CPU
		{3593F48A-DED7-4560-8546-5571B39C693E}.Release|Any CPU.ActiveCfg = Release|Any CPU
		{3593F48A-DED7-4560-8546-5571B39C693E}.Release|Any CPU.Build.0 = Release|Any CPU
		{A00E23C9-D512-4E6E-9AE0-7FE7794D84F8}.Debug|Any CPU.ActiveCfg = Debug|Any CPU
		{A00E23C9-D512-4E6E-9AE0-7FE7794D84F8}.Debug|Any CPU.Build.0 = Debug|Any CPU
		{A00E23C9-D512-4E6E-9AE0-7FE7794D84F8}.Release|Any CPU.ActiveCfg = Release|Any CPU
		{A00E23C9-D512-4E6E-9AE0-7FE7794D84F8}.Release|Any CPU.Build.0 = Release|Any CPU
		{2E6C4633-9245-4488-B7DF-92E31FC8C577}.Debug|Any CPU.ActiveCfg = Debug|Any CPU
		{2E6C4633-9245-4488-B7DF-92E31FC8C577}.Debug|Any CPU.Build.0 = Debug|Any CPU
		{2E6C4633-9245-4488-B7DF-92E31FC8C577}.Release|Any CPU.ActiveCfg = Release|Any CPU
		{2E6C4633-9245-4488-B7DF-92E31FC8C577}.Release|Any CPU.Build.0 = Release|Any CPU
		{2D36EEEA-B62E-496D-9F22-3595B28A72AD}.Debug|Any CPU.ActiveCfg = Debug|Any CPU
		{2D36EEEA-B62E-496D-9F22-3595B28A72AD}.Debug|Any CPU.Build.0 = Debug|Any CPU
		{2D36EEEA-B62E-496D-9F22-3595B28A72AD}.Release|Any CPU.ActiveCfg = Release|Any CPU
		{2D36EEEA-B62E-496D-9F22-3595B28A72AD}.Release|Any CPU.Build.0 = Release|Any CPU
		{951560B9-C935-4671-87F1-DC56BD149003}.Debug|Any CPU.ActiveCfg = Debug|Any CPU
		{951560B9-C935-4671-87F1-DC56BD149003}.Debug|Any CPU.Build.0 = Debug|Any CPU
		{951560B9-C935-4671-87F1-DC56BD149003}.Release|Any CPU.ActiveCfg = Release|Any CPU
		{951560B9-C935-4671-87F1-DC56BD149003}.Release|Any CPU.Build.0 = Release|Any CPU
		{0C5FC405-C899-4E4A-83B5-151DB56A65D6}.Debug|Any CPU.ActiveCfg = Debug|Any CPU
		{0C5FC405-C899-4E4A-83B5-151DB56A65D6}.Debug|Any CPU.Build.0 = Debug|Any CPU
		{0C5FC405-C899-4E4A-83B5-151DB56A65D6}.Release|Any CPU.ActiveCfg = Release|Any CPU
		{0C5FC405-C899-4E4A-83B5-151DB56A65D6}.Release|Any CPU.Build.0 = Release|Any CPU
		{3AC2CAEE-8EA2-4C1C-8710-A79E487AAC4B}.Debug|Any CPU.ActiveCfg = Debug|Any CPU
		{3AC2CAEE-8EA2-4C1C-8710-A79E487AAC4B}.Debug|Any CPU.Build.0 = Debug|Any CPU
		{3AC2CAEE-8EA2-4C1C-8710-A79E487AAC4B}.Release|Any CPU.ActiveCfg = Release|Any CPU
		{3AC2CAEE-8EA2-4C1C-8710-A79E487AAC4B}.Release|Any CPU.Build.0 = Release|Any CPU
		{9DFDCADA-6648-4AC8-B2AF-E5ACE350BEB1}.Debug|Any CPU.ActiveCfg = Debug|Any CPU
		{9DFDCADA-6648-4AC8-B2AF-E5ACE350BEB1}.Debug|Any CPU.Build.0 = Debug|Any CPU
		{9DFDCADA-6648-4AC8-B2AF-E5ACE350BEB1}.Release|Any CPU.ActiveCfg = Release|Any CPU
		{9DFDCADA-6648-4AC8-B2AF-E5ACE350BEB1}.Release|Any CPU.Build.0 = Release|Any CPU
		{06F18F00-8DB5-4702-B879-93EE4EE55902}.Debug|Any CPU.ActiveCfg = Debug|Any CPU
		{06F18F00-8DB5-4702-B879-93EE4EE55902}.Debug|Any CPU.Build.0 = Debug|Any CPU
		{06F18F00-8DB5-4702-B879-93EE4EE55902}.Release|Any CPU.ActiveCfg = Release|Any CPU
		{06F18F00-8DB5-4702-B879-93EE4EE55902}.Release|Any CPU.Build.0 = Release|Any CPU
		{4113A9A7-7999-41ED-B266-C6484FCEADDB}.Debug|Any CPU.ActiveCfg = Debug|Any CPU
		{4113A9A7-7999-41ED-B266-C6484FCEADDB}.Debug|Any CPU.Build.0 = Debug|Any CPU
		{4113A9A7-7999-41ED-B266-C6484FCEADDB}.Release|Any CPU.ActiveCfg = Release|Any CPU
		{4113A9A7-7999-41ED-B266-C6484FCEADDB}.Release|Any CPU.Build.0 = Release|Any CPU
		{52EBA7A0-761F-4376-9780-F2D4C7A4AD66}.Debug|Any CPU.ActiveCfg = Debug|Any CPU
		{52EBA7A0-761F-4376-9780-F2D4C7A4AD66}.Debug|Any CPU.Build.0 = Debug|Any CPU
		{52EBA7A0-761F-4376-9780-F2D4C7A4AD66}.Release|Any CPU.ActiveCfg = Release|Any CPU
		{52EBA7A0-761F-4376-9780-F2D4C7A4AD66}.Release|Any CPU.Build.0 = Release|Any CPU
		{3CE06E6F-36A4-40C6-8218-FFB92FDCD56B}.Debug|Any CPU.ActiveCfg = Debug|Any CPU
		{3CE06E6F-36A4-40C6-8218-FFB92FDCD56B}.Debug|Any CPU.Build.0 = Debug|Any CPU
		{3CE06E6F-36A4-40C6-8218-FFB92FDCD56B}.Release|Any CPU.ActiveCfg = Release|Any CPU
		{3CE06E6F-36A4-40C6-8218-FFB92FDCD56B}.Release|Any CPU.Build.0 = Release|Any CPU
		{2C9099E5-406F-41C8-85C1-762CC222534A}.Debug|Any CPU.ActiveCfg = Debug|Any CPU
		{2C9099E5-406F-41C8-85C1-762CC222534A}.Debug|Any CPU.Build.0 = Debug|Any CPU
		{2C9099E5-406F-41C8-85C1-762CC222534A}.Release|Any CPU.ActiveCfg = Release|Any CPU
		{2C9099E5-406F-41C8-85C1-762CC222534A}.Release|Any CPU.Build.0 = Release|Any CPU
		{0E8399C6-8366-4DD8-B393-6BE0065A72A2}.Debug|Any CPU.ActiveCfg = Debug|Any CPU
		{0E8399C6-8366-4DD8-B393-6BE0065A72A2}.Debug|Any CPU.Build.0 = Debug|Any CPU
		{0E8399C6-8366-4DD8-B393-6BE0065A72A2}.Release|Any CPU.ActiveCfg = Release|Any CPU
		{0E8399C6-8366-4DD8-B393-6BE0065A72A2}.Release|Any CPU.Build.0 = Release|Any CPU
		{CFD8EC58-0087-6D34-8564-24B2C329F211}.Debug|Any CPU.ActiveCfg = Debug|Any CPU
		{CFD8EC58-0087-6D34-8564-24B2C329F211}.Debug|Any CPU.Build.0 = Debug|Any CPU
		{CFD8EC58-0087-6D34-8564-24B2C329F211}.Release|Any CPU.ActiveCfg = Release|Any CPU
		{CFD8EC58-0087-6D34-8564-24B2C329F211}.Release|Any CPU.Build.0 = Release|Any CPU
		{C826CCB0-714D-2D56-1EA4-2A859F7116BF}.Debug|Any CPU.ActiveCfg = Debug|Any CPU
		{C826CCB0-714D-2D56-1EA4-2A859F7116BF}.Debug|Any CPU.Build.0 = Debug|Any CPU
		{C826CCB0-714D-2D56-1EA4-2A859F7116BF}.Release|Any CPU.ActiveCfg = Release|Any CPU
		{C826CCB0-714D-2D56-1EA4-2A859F7116BF}.Release|Any CPU.Build.0 = Release|Any CPU
		{BBF13329-2228-D7AD-C217-7642251C27A2}.Debug|Any CPU.ActiveCfg = Debug|Any CPU
		{BBF13329-2228-D7AD-C217-7642251C27A2}.Debug|Any CPU.Build.0 = Debug|Any CPU
		{BBF13329-2228-D7AD-C217-7642251C27A2}.Release|Any CPU.ActiveCfg = Release|Any CPU
		{BBF13329-2228-D7AD-C217-7642251C27A2}.Release|Any CPU.Build.0 = Release|Any CPU
		{FC857DC0-55BD-5299-DCBE-EB5E729BBEB8}.Debug|Any CPU.ActiveCfg = Debug|Any CPU
		{FC857DC0-55BD-5299-DCBE-EB5E729BBEB8}.Debug|Any CPU.Build.0 = Debug|Any CPU
		{FC857DC0-55BD-5299-DCBE-EB5E729BBEB8}.Release|Any CPU.ActiveCfg = Release|Any CPU
		{FC857DC0-55BD-5299-DCBE-EB5E729BBEB8}.Release|Any CPU.Build.0 = Release|Any CPU
		{A601A213-A474-1EF8-DB5F-926DEDBCC81D}.Debug|Any CPU.ActiveCfg = Debug|Any CPU
		{A601A213-A474-1EF8-DB5F-926DEDBCC81D}.Debug|Any CPU.Build.0 = Debug|Any CPU
		{A601A213-A474-1EF8-DB5F-926DEDBCC81D}.Release|Any CPU.ActiveCfg = Release|Any CPU
		{A601A213-A474-1EF8-DB5F-926DEDBCC81D}.Release|Any CPU.Build.0 = Release|Any CPU
		{EE563581-76D9-4FC2-9CD2-B7CE206626FB}.Debug|Any CPU.ActiveCfg = Debug|Any CPU
		{EE563581-76D9-4FC2-9CD2-B7CE206626FB}.Debug|Any CPU.Build.0 = Debug|Any CPU
		{EE563581-76D9-4FC2-9CD2-B7CE206626FB}.Release|Any CPU.ActiveCfg = Release|Any CPU
		{EE563581-76D9-4FC2-9CD2-B7CE206626FB}.Release|Any CPU.Build.0 = Release|Any CPU
		{435B9E4F-05E6-4B5B-893A-5A7A691E8810}.Debug|Any CPU.ActiveCfg = Debug|Any CPU
		{435B9E4F-05E6-4B5B-893A-5A7A691E8810}.Debug|Any CPU.Build.0 = Debug|Any CPU
		{435B9E4F-05E6-4B5B-893A-5A7A691E8810}.Release|Any CPU.ActiveCfg = Release|Any CPU
		{435B9E4F-05E6-4B5B-893A-5A7A691E8810}.Release|Any CPU.Build.0 = Release|Any CPU
		{187A0594-8613-458A-9A84-07E2F6E755B3}.Debug|Any CPU.ActiveCfg = Debug|Any CPU
		{187A0594-8613-458A-9A84-07E2F6E755B3}.Debug|Any CPU.Build.0 = Debug|Any CPU
		{187A0594-8613-458A-9A84-07E2F6E755B3}.Release|Any CPU.ActiveCfg = Release|Any CPU
		{187A0594-8613-458A-9A84-07E2F6E755B3}.Release|Any CPU.Build.0 = Release|Any CPU
		{1B415622-58D2-4CF6-9013-A24CC0009A73}.Debug|Any CPU.ActiveCfg = Debug|Any CPU
		{1B415622-58D2-4CF6-9013-A24CC0009A73}.Debug|Any CPU.Build.0 = Debug|Any CPU
		{1B415622-58D2-4CF6-9013-A24CC0009A73}.Release|Any CPU.ActiveCfg = Release|Any CPU
		{1B415622-58D2-4CF6-9013-A24CC0009A73}.Release|Any CPU.Build.0 = Release|Any CPU
		{A7E42EBD-E3E0-4BFF-B464-7CD28CD6CA7E}.Debug|Any CPU.ActiveCfg = Debug|Any CPU
		{A7E42EBD-E3E0-4BFF-B464-7CD28CD6CA7E}.Debug|Any CPU.Build.0 = Debug|Any CPU
		{A7E42EBD-E3E0-4BFF-B464-7CD28CD6CA7E}.Release|Any CPU.ActiveCfg = Release|Any CPU
		{A7E42EBD-E3E0-4BFF-B464-7CD28CD6CA7E}.Release|Any CPU.Build.0 = Release|Any CPU
	EndGlobalSection
	GlobalSection(SolutionProperties) = preSolution
		HideSolutionNode = FALSE
	EndGlobalSection
	GlobalSection(NestedProjects) = preSolution
		{CFD8EC58-0087-6D34-8564-24B2C329F211} = {02EA681E-C7D8-13C7-8484-4AC65E1B71E8}
		{C826CCB0-714D-2D56-1EA4-2A859F7116BF} = {02EA681E-C7D8-13C7-8484-4AC65E1B71E8}
		{BBF13329-2228-D7AD-C217-7642251C27A2} = {02EA681E-C7D8-13C7-8484-4AC65E1B71E8}
		{FC857DC0-55BD-5299-DCBE-EB5E729BBEB8} = {02EA681E-C7D8-13C7-8484-4AC65E1B71E8}
		{A601A213-A474-1EF8-DB5F-926DEDBCC81D} = {02EA681E-C7D8-13C7-8484-4AC65E1B71E8}
		{EE563581-76D9-4FC2-9CD2-B7CE206626FB} = {02EA681E-C7D8-13C7-8484-4AC65E1B71E8}
		{435B9E4F-05E6-4B5B-893A-5A7A691E8810} = {2717171B-D824-41AE-9407-82F7985ECE9E}
		{187A0594-8613-458A-9A84-07E2F6E755B3} = {2717171B-D824-41AE-9407-82F7985ECE9E}
		{1B415622-58D2-4CF6-9013-A24CC0009A73} = {2717171B-D824-41AE-9407-82F7985ECE9E}
		{A7E42EBD-E3E0-4BFF-B464-7CD28CD6CA7E} = {2717171B-D824-41AE-9407-82F7985ECE9E}
	EndGlobalSection
	GlobalSection(ExtensibilityGlobals) = postSolution
		SolutionGuid = {E2379789-48F6-4083-9D3C-164394977F51}
	EndGlobalSection
EndGlobal
