
Microsoft Visual Studio Solution File, Format Version 12.00
# Visual Studio Version 17
VisualStudioVersion = 17.13.35931.197 d17.13
MinimumVisualStudioVersion = 10.0.40219.1
Project("{FAE04EC0-301F-11D3-BF4B-00C04F79EFBC}") = "WPF-Control2", "WPF-Control2\WPF-Control2.csproj", "{FB50FC23-C64B-4DF1-8EB7-F65CD8E209D5}"
EndProject
Global
	GlobalSection(SolutionConfigurationPlatforms) = preSolution
		Debug|Any CPU = Debug|Any CPU
		Release|Any CPU = Release|Any CPU
	EndGlobalSection
	GlobalSection(ProjectConfigurationPlatforms) = postSolution
		{FB50FC23-C64B-4DF1-8EB7-F65CD8E209D5}.Debug|Any CPU.ActiveCfg = Debug|Any CPU
		{FB50FC23-C64B-4DF1-8EB7-F65CD8E209D5}.Debug|Any CPU.Build.0 = Debug|Any CPU
		{FB50FC23-C64B-4DF1-8EB7-F65CD8E209D5}.Release|Any CPU.ActiveCfg = Release|Any CPU
		{FB50FC23-C64B-4DF1-8EB7-F65CD8E209D5}.Release|Any CPU.Build.0 = Release|Any CPU
	EndGlobalSection
	GlobalSection(SolutionProperties) = preSolution
		HideSolutionNode = FALSE
	EndGlobalSection
	GlobalSection(ExtensibilityGlobals) = postSolution
		SolutionGuid = {774C9241-8D31-4A1F-AEDC-D4463E98F48C}
	EndGlobalSection
EndGlobal
