
Microsoft Visual Studio Solution File, Format Version 12.00
# Visual Studio Version 17
VisualStudioVersion = 17.13.35931.197
MinimumVisualStudioVersion = 10.0.40219.1
Project("{FAE04EC0-301F-11D3-BF4B-00C04F79EFBC}") = "NgoQuangKhoiWPF", "Assignment 1\NgoQuangKhoiWPF.csproj", "{EC00684C-4E96-4C58-BBA0-500F9CE607A1}"
EndProject
Project("{FAE04EC0-301F-11D3-BF4B-00C04F79EFBC}") = "BusinessObjects", "BussinessObjects\BusinessObjects.csproj", "{0E56A74C-1B4F-462F-B4B9-166D79101C73}"
EndProject
Project("{FAE04EC0-301F-11D3-BF4B-00C04F79EFBC}") = "DataAccessLayer", "DataAccessLayer\DataAccessLayer.csproj", "{FD84CA95-6E7A-494A-9C73-8B34C00C521F}"
EndProject
Project("{FAE04EC0-301F-11D3-BF4B-00C04F79EFBC}") = "Repositories", "BussinessLogicLayer\Repositories.csproj", "{0EE1DE62-4119-4E9A-917D-0958EE52EA6E}"
EndProject
Project("{FAE04EC0-301F-11D3-BF4B-00C04F79EFBC}") = "Services", "Service\Services.csproj", "{F36AE3F7-9A94-414D-B397-E2E3FB3D54BE}"
EndProject
Global
	GlobalSection(SolutionConfigurationPlatforms) = preSolution
		Debug|Any CPU = Debug|Any CPU
		Release|Any CPU = Release|Any CPU
	EndGlobalSection
	GlobalSection(ProjectConfigurationPlatforms) = postSolution
		{EC00684C-4E96-4C58-BBA0-500F9CE607A1}.Debug|Any CPU.ActiveCfg = Debug|Any CPU
		{EC00684C-4E96-4C58-BBA0-500F9CE607A1}.Debug|Any CPU.Build.0 = Debug|Any CPU
		{EC00684C-4E96-4C58-BBA0-500F9CE607A1}.Release|Any CPU.ActiveCfg = Release|Any CPU
		{EC00684C-4E96-4C58-BBA0-500F9CE607A1}.Release|Any CPU.Build.0 = Release|Any CPU
		{0E56A74C-1B4F-462F-B4B9-166D79101C73}.Debug|Any CPU.ActiveCfg = Debug|Any CPU
		{0E56A74C-1B4F-462F-B4B9-166D79101C73}.Debug|Any CPU.Build.0 = Debug|Any CPU
		{0E56A74C-1B4F-462F-B4B9-166D79101C73}.Release|Any CPU.ActiveCfg = Release|Any CPU
		{0E56A74C-1B4F-462F-B4B9-166D79101C73}.Release|Any CPU.Build.0 = Release|Any CPU
		{FD84CA95-6E7A-494A-9C73-8B34C00C521F}.Debug|Any CPU.ActiveCfg = Debug|Any CPU
		{FD84CA95-6E7A-494A-9C73-8B34C00C521F}.Debug|Any CPU.Build.0 = Debug|Any CPU
		{FD84CA95-6E7A-494A-9C73-8B34C00C521F}.Release|Any CPU.ActiveCfg = Release|Any CPU
		{FD84CA95-6E7A-494A-9C73-8B34C00C521F}.Release|Any CPU.Build.0 = Release|Any CPU
		{0EE1DE62-4119-4E9A-917D-0958EE52EA6E}.Debug|Any CPU.ActiveCfg = Debug|Any CPU
		{0EE1DE62-4119-4E9A-917D-0958EE52EA6E}.Debug|Any CPU.Build.0 = Debug|Any CPU
		{0EE1DE62-4119-4E9A-917D-0958EE52EA6E}.Release|Any CPU.ActiveCfg = Release|Any CPU
		{0EE1DE62-4119-4E9A-917D-0958EE52EA6E}.Release|Any CPU.Build.0 = Release|Any CPU
		{F36AE3F7-9A94-414D-B397-E2E3FB3D54BE}.Debug|Any CPU.ActiveCfg = Debug|Any CPU
		{F36AE3F7-9A94-414D-B397-E2E3FB3D54BE}.Debug|Any CPU.Build.0 = Debug|Any CPU
		{F36AE3F7-9A94-414D-B397-E2E3FB3D54BE}.Release|Any CPU.ActiveCfg = Release|Any CPU
		{F36AE3F7-9A94-414D-B397-E2E3FB3D54BE}.Release|Any CPU.Build.0 = Release|Any CPU
	EndGlobalSection
	GlobalSection(SolutionProperties) = preSolution
		HideSolutionNode = FALSE
	EndGlobalSection
	GlobalSection(ExtensibilityGlobals) = postSolution
		SolutionGuid = {8417A7C6-1AF4-443F-B034-3851CA000E38}
	EndGlobalSection
EndGlobal
